
Microsoft Visual Studio Solution File, Format Version 12.00
# Visual Studio Version 17
VisualStudioVersion = 17.9.34714.143
MinimumVisualStudioVersion = 10.0.40219.1
Project("{FAE04EC0-301F-11D3-BF4B-00C04F79EFBC}") = "PracticaFormativa", "PracticaFormativa.csproj", "{FA5E6888-88BD-4791-A737-1EA8A0AB6BE8}"
EndProject
Global
	GlobalSection(SolutionConfigurationPlatforms) = preSolution
		Debug|Any CPU = Debug|Any CPU
		Release|Any CPU = Release|Any CPU
	EndGlobalSection
	GlobalSection(ProjectConfigurationPlatforms) = postSolution
		{FA5E6888-88BD-4791-A737-1EA8A0AB6BE8}.Debug|Any CPU.ActiveCfg = Debug|Any CPU
		{FA5E6888-88BD-4791-A737-1EA8A0AB6BE8}.Debug|Any CPU.Build.0 = Debug|Any CPU
		{FA5E6888-88BD-4791-A737-1EA8A0AB6BE8}.Release|Any CPU.ActiveCfg = Release|Any CPU
		{FA5E6888-88BD-4791-A737-1EA8A0AB6BE8}.Release|Any CPU.Build.0 = Release|Any CPU
	EndGlobalSection
	GlobalSection(SolutionProperties) = preSolution
		HideSolutionNode = FALSE
	EndGlobalSection
	GlobalSection(ExtensibilityGlobals) = postSolution
		SolutionGuid = {02E431A0-2A01-4481-BCEF-DF50B93892D0}
	EndGlobalSection
EndGlobal
